// !$*UTF8*$!
{
	archiveVersion = 1;
	classes = {
	};
	objectVersion = 50;
	objects = {

/* Begin PBXBuildFile section */
		D988D8FF250C2F3B007489DC /* AppDelegate.swift in Sources */ = {isa = PBXBuildFile; fileRef = D988D8FE250C2F3B007489DC /* AppDelegate.swift */; };
		D988D901250C2F3B007489DC /* SceneDelegate.swift in Sources */ = {isa = PBXBuildFile; fileRef = D988D900250C2F3B007489DC /* SceneDelegate.swift */; };
		D988D903250C2F3B007489DC /* SignInVC.swift in Sources */ = {isa = PBXBuildFile; fileRef = D988D902250C2F3B007489DC /* SignInVC.swift */; };
		D988D906250C2F3B007489DC /* Main.storyboard in Resources */ = {isa = PBXBuildFile; fileRef = D988D904250C2F3B007489DC /* Main.storyboard */; };
		D988D908250C2F42007489DC /* Assets.xcassets in Resources */ = {isa = PBXBuildFile; fileRef = D988D907250C2F42007489DC /* Assets.xcassets */; };
		D988D90B250C2F42007489DC /* LaunchScreen.storyboard in Resources */ = {isa = PBXBuildFile; fileRef = D988D909250C2F42007489DC /* LaunchScreen.storyboard */; };
		D988D913250C2F9B007489DC /* APButton.swift in Sources */ = {isa = PBXBuildFile; fileRef = D988D912250C2F9B007489DC /* APButton.swift */; };
/* End PBXBuildFile section */

/* Begin PBXFileReference section */
		D988D8FB250C2F3B007489DC /* LoadingButton.app */ = {isa = PBXFileReference; explicitFileType = wrapper.application; includeInIndex = 0; path = LoadingButton.app; sourceTree = BUILT_PRODUCTS_DIR; };
		D988D8FE250C2F3B007489DC /* AppDelegate.swift */ = {isa = PBXFileReference; lastKnownFileType = sourcecode.swift; path = AppDelegate.swift; sourceTree = "<group>"; };
		D988D900250C2F3B007489DC /* SceneDelegate.swift */ = {isa = PBXFileReference; lastKnownFileType = sourcecode.swift; path = SceneDelegate.swift; sourceTree = "<group>"; };
		D988D902250C2F3B007489DC /* SignInVC.swift */ = {isa = PBXFileReference; lastKnownFileType = sourcecode.swift; path = SignInVC.swift; sourceTree = "<group>"; };
		D988D905250C2F3B007489DC /* Base */ = {isa = PBXFileReference; lastKnownFileType = file.storyboard; name = Base; path = Base.lproj/Main.storyboard; sourceTree = "<group>"; };
		D988D907250C2F42007489DC /* Assets.xcassets */ = {isa = PBXFileReference; lastKnownFileType = folder.assetcatalog; path = Assets.xcassets; sourceTree = "<group>"; };
		D988D90A250C2F42007489DC /* Base */ = {isa = PBXFileReference; lastKnownFileType = file.storyboard; name = Base; path = Base.lproj/LaunchScreen.storyboard; sourceTree = "<group>"; };
		D988D90C250C2F42007489DC /* Info.plist */ = {isa = PBXFileReference; lastKnownFileType = text.plist.xml; path = Info.plist; sourceTree = "<group>"; };
		D988D912250C2F9B007489DC /* APButton.swift */ = {isa = PBXFileReference; lastKnownFileType = sourcecode.swift; path = APButton.swift; sourceTree = "<group>"; };
/* End PBXFileReference section */

/* Begin PBXFrameworksBuildPhase section */
		D988D8F8250C2F3B007489DC /* Frameworks */ = {
			isa = PBXFrameworksBuildPhase;
			buildActionMask = 2147483647;
			files = (
			);
			runOnlyForDeploymentPostprocessing = 0;
		};
/* End PBXFrameworksBuildPhase section */

/* Begin PBXGroup section */
		A408BFCD252D6C9100367497 /* AppDelegate */ = {
			isa = PBXGroup;
			children = (
				D988D900250C2F3B007489DC /* SceneDelegate.swift */,
				D988D8FE250C2F3B007489DC /* AppDelegate.swift */,
			);
			path = AppDelegate;
			sourceTree = "<group>";
		};
		A408BFCE252D6C9D00367497 /* Controller */ = {
			isa = PBXGroup;
			children = (
				D988D902250C2F3B007489DC /* SignInVC.swift */,
			);
			path = Controller;
			sourceTree = "<group>";
		};
		A408BFCF252D6CAC00367497 /* Resource */ = {
			isa = PBXGroup;
			children = (
				D988D90C250C2F42007489DC /* Info.plist */,
				D988D907250C2F42007489DC /* Assets.xcassets */,
			);
			path = Resource;
			sourceTree = "<group>";
		};
		A408BFD0252D6CB500367497 /* Source */ = {
			isa = PBXGroup;
			children = (
				D988D912250C2F9B007489DC /* APButton.swift */,
			);
			path = Source;
			sourceTree = "<group>";
		};
		A408BFD1252D6CCA00367497 /* StoryBoard */ = {
			isa = PBXGroup;
			children = (
				D988D904250C2F3B007489DC /* Main.storyboard */,
				D988D909250C2F42007489DC /* LaunchScreen.storyboard */,
			);
			path = StoryBoard;
			sourceTree = "<group>";
		};
		D988D8F2250C2F3B007489DC = {
			isa = PBXGroup;
			children = (
				D988D8FD250C2F3B007489DC /* LoadingButton */,
				D988D8FC250C2F3B007489DC /* Products */,
			);
			sourceTree = "<group>";
		};
		D988D8FC250C2F3B007489DC /* Products */ = {
			isa = PBXGroup;
			children = (
				D988D8FB250C2F3B007489DC /* LoadingButton.app */,
			);
			name = Products;
			sourceTree = "<group>";
		};
		D988D8FD250C2F3B007489DC /* LoadingButton */ = {
			isa = PBXGroup;
			children = (
				A408BFCD252D6C9100367497 /* AppDelegate */,
				A408BFD1252D6CCA00367497 /* StoryBoard */,
				A408BFD0252D6CB500367497 /* Source */,
				A408BFCE252D6C9D00367497 /* Controller */,
				A408BFCF252D6CAC00367497 /* Resource */,
			);
			path = LoadingButton;
			sourceTree = "<group>";
		};
/* End PBXGroup section */

/* Begin PBXNativeTarget section */
		D988D8FA250C2F3B007489DC /* LoadingButton */ = {
			isa = PBXNativeTarget;
			buildConfigurationList = D988D90F250C2F42007489DC /* Build configuration list for PBXNativeTarget "LoadingButton" */;
			buildPhases = (
				D988D8F7250C2F3B007489DC /* Sources */,
				D988D8F8250C2F3B007489DC /* Frameworks */,
				D988D8F9250C2F3B007489DC /* Resources */,
			);
			buildRules = (
			);
			dependencies = (
			);
			name = LoadingButton;
			productName = AnimationButton;
			productReference = D988D8FB250C2F3B007489DC /* LoadingButton.app */;
			productType = "com.apple.product-type.application";
		};
/* End PBXNativeTarget section */

/* Begin PBXProject section */
		D988D8F3250C2F3B007489DC /* Project object */ = {
			isa = PBXProject;
			attributes = {
				LastSwiftUpdateCheck = 1160;
				LastUpgradeCheck = 1200;
				ORGANIZATIONNAME = Mohamed;
				TargetAttributes = {
					D988D8FA250C2F3B007489DC = {
						CreatedOnToolsVersion = 11.6;
					};
				};
			};
			buildConfigurationList = D988D8F6250C2F3B007489DC /* Build configuration list for PBXProject "LoadingButton" */;
			compatibilityVersion = "Xcode 9.3";
			developmentRegion = en;
			hasScannedForEncodings = 0;
			knownRegions = (
				en,
				Base,
			);
			mainGroup = D988D8F2250C2F3B007489DC;
			productRefGroup = D988D8FC250C2F3B007489DC /* Products */;
			projectDirPath = "";
			projectRoot = "";
			targets = (
				D988D8FA250C2F3B007489DC /* LoadingButton */,
			);
		};
/* End PBXProject section */

/* Begin PBXResourcesBuildPhase section */
		D988D8F9250C2F3B007489DC /* Resources */ = {
			isa = PBXResourcesBuildPhase;
			buildActionMask = 2147483647;
			files = (
				D988D90B250C2F42007489DC /* LaunchScreen.storyboard in Resources */,
				D988D908250C2F42007489DC /* Assets.xcassets in Resources */,
				D988D906250C2F3B007489DC /* Main.storyboard in Resources */,
			);
			runOnlyForDeploymentPostprocessing = 0;
		};
/* End PBXResourcesBuildPhase section */

/* Begin PBXSourcesBuildPhase section */
		D988D8F7250C2F3B007489DC /* Sources */ = {
			isa = PBXSourcesBuildPhase;
			buildActionMask = 2147483647;
			files = (
				D988D913250C2F9B007489DC /* APButton.swift in Sources */,
				D988D903250C2F3B007489DC /* SignInVC.swift in Sources */,
				D988D8FF250C2F3B007489DC /* AppDelegate.swift in Sources */,
				D988D901250C2F3B007489DC /* SceneDelegate.swift in Sources */,
			);
			runOnlyForDeploymentPostprocessing = 0;
		};
/* End PBXSourcesBuildPhase section */

/* Begin PBXVariantGroup section */
		D988D904250C2F3B007489DC /* Main.storyboard */ = {
			isa = PBXVariantGroup;
			children = (
				D988D905250C2F3B007489DC /* Base */,
			);
			name = Main.storyboard;
			sourceTree = "<group>";
		};
		D988D909250C2F42007489DC /* LaunchScreen.storyboard */ = {
			isa = PBXVariantGroup;
			children = (
				D988D90A250C2F42007489DC /* Base */,
			);
			name = LaunchScreen.storyboard;
			sourceTree = "<group>";
		};
/* End PBXVariantGroup section */

/* Begin XCBuildConfiguration section */
		D988D90D250C2F42007489DC /* Debug */ = {
			isa = XCBuildConfiguration;
			buildSettings = {
				ALWAYS_SEARCH_USER_PATHS = NO;
				CLANG_ANALYZER_NONNULL = YES;
				CLANG_ANALYZER_NUMBER_OBJECT_CONVERSION = YES_AGGRESSIVE;
				CLANG_CXX_LANGUAGE_STANDARD = "gnu++14";
				CLANG_CXX_LIBRARY = "libc++";
				CLANG_ENABLE_MODULES = YES;
				CLANG_ENABLE_OBJC_ARC = YES;
				CLANG_ENABLE_OBJC_WEAK = YES;
				CLANG_WARN_BLOCK_CAPTURE_AUTORELEASING = YES;
				CLANG_WARN_BOOL_CONVERSION = YES;
				CLANG_WARN_COMMA = YES;
				CLANG_WARN_CONSTANT_CONVERSION = YES;
				CLANG_WARN_DEPRECATED_OBJC_IMPLEMENTATIONS = YES;
				CLANG_WARN_DIRECT_OBJC_ISA_USAGE = YES_ERROR;
				CLANG_WARN_DOCUMENTATION_COMMENTS = YES;
				CLANG_WARN_EMPTY_BODY = YES;
				CLANG_WARN_ENUM_CONVERSION = YES;
				CLANG_WARN_INFINITE_RECURSION = YES;
				CLANG_WARN_INT_CONVERSION = YES;
				CLANG_WARN_NON_LITERAL_NULL_CONVERSION = YES;
				CLANG_WARN_OBJC_IMPLICIT_RETAIN_SELF = YES;
				CLANG_WARN_OBJC_LITERAL_CONVERSION = YES;
				CLANG_WARN_OBJC_ROOT_CLASS = YES_ERROR;
				CLANG_WARN_QUOTED_INCLUDE_IN_FRAMEWORK_HEADER = YES;
				CLANG_WARN_RANGE_LOOP_ANALYSIS = YES;
				CLANG_WARN_STRICT_PROTOTYPES = YES;
				CLANG_WARN_SUSPICIOUS_MOVE = YES;
				CLANG_WARN_UNGUARDED_AVAILABILITY = YES_AGGRESSIVE;
				CLANG_WARN_UNREACHABLE_CODE = YES;
				CLANG_WARN__DUPLICATE_METHOD_MATCH = YES;
				COPY_PHASE_STRIP = NO;
				DEBUG_INFORMATION_FORMAT = dwarf;
				ENABLE_STRICT_OBJC_MSGSEND = YES;
				ENABLE_TESTABILITY = YES;
				GCC_C_LANGUAGE_STANDARD = gnu11;
				GCC_DYNAMIC_NO_PIC = NO;
				GCC_NO_COMMON_BLOCKS = YES;
				GCC_OPTIMIZATION_LEVEL = 0;
				GCC_PREPROCESSOR_DEFINITIONS = (
					"DEBUG=1",
					"$(inherited)",
				);
				GCC_WARN_64_TO_32_BIT_CONVERSION = YES;
				GCC_WARN_ABOUT_RETURN_TYPE = YES_ERROR;
				GCC_WARN_UNDECLARED_SELECTOR = YES;
				GCC_WARN_UNINITIALIZED_AUTOS = YES_AGGRESSIVE;
				GCC_WARN_UNUSED_FUNCTION = YES;
				GCC_WARN_UNUSED_VARIABLE = YES;
				IPHONEOS_DEPLOYMENT_TARGET = 13.6;
				MTL_ENABLE_DEBUG_INFO = INCLUDE_SOURCE;
				MTL_FAST_MATH = YES;
				ONLY_ACTIVE_ARCH = YES;
				SDKROOT = iphoneos;
				SWIFT_ACTIVE_COMPILATION_CONDITIONS = DEBUG;
				SWIFT_OPTIMIZATION_LEVEL = "-Onone";
			};
			name = Debug;
		};
		D988D90E250C2F42007489DC /* Release */ = {
			isa = XCBuildConfiguration;
			buildSettings = {
				ALWAYS_SEARCH_USER_PATHS = NO;
				CLANG_ANALYZER_NONNULL = YES;
				CLANG_ANALYZER_NUMBER_OBJECT_CONVERSION = YES_AGGRESSIVE;
				CLANG_CXX_LANGUAGE_STANDARD = "gnu++14";
				CLANG_CXX_LIBRARY = "libc++";
				CLANG_ENABLE_MODULES = YES;
				CLANG_ENABLE_OBJC_ARC = YES;
				CLANG_ENABLE_OBJC_WEAK = YES;
				CLANG_WARN_BLOCK_CAPTURE_AUTORELEASING = YES;
				CLANG_WARN_BOOL_CONVERSION = YES;
				CLANG_WARN_COMMA = YES;
				CLANG_WARN_CONSTANT_CONVERSION = YES;
				CLANG_WARN_DEPRECATED_OBJC_IMPLEMENTATIONS = YES;
				CLANG_WARN_DIRECT_OBJC_ISA_USAGE = YES_ERROR;
				CLANG_WARN_DOCUMENTATION_COMMENTS = YES;
				CLANG_WARN_EMPTY_BODY = YES;
				CLANG_WARN_ENUM_CONVERSION = YES;
				CLANG_WARN_INFINITE_RECURSION = YES;
				CLANG_WARN_INT_CONVERSION = YES;
				CLANG_WARN_NON_LITERAL_NULL_CONVERSION = YES;
				CLANG_WARN_OBJC_IMPLICIT_RETAIN_SELF = YES;
				CLANG_WARN_OBJC_LITERAL_CONVERSION = YES;
				CLANG_WARN_OBJC_ROOT_CLASS = YES_ERROR;
				CLANG_WARN_QUOTED_INCLUDE_IN_FRAMEWORK_HEADER = YES;
				CLANG_WARN_RANGE_LOOP_ANALYSIS = YES;
				CLANG_WARN_STRICT_PROTOTYPES = YES;
				CLANG_WARN_SUSPICIOUS_MOVE = YES;
				CLANG_WARN_UNGUARDED_AVAILABILITY = YES_AGGRESSIVE;
				CLANG_WARN_UNREACHABLE_CODE = YES;
				CLANG_WARN__DUPLICATE_METHOD_MATCH = YES;
				COPY_PHASE_STRIP = NO;
				DEBUG_INFORMATION_FORMAT = "dwarf-with-dsym";
				ENABLE_NS_ASSERTIONS = NO;
				ENABLE_STRICT_OBJC_MSGSEND = YES;
				GCC_C_LANGUAGE_STANDARD = gnu11;
				GCC_NO_COMMON_BLOCKS = YES;
				GCC_WARN_64_TO_32_BIT_CONVERSION = YES;
				GCC_WARN_ABOUT_RETURN_TYPE = YES_ERROR;
				GCC_WARN_UNDECLARED_SELECTOR = YES;
				GCC_WARN_UNINITIALIZED_AUTOS = YES_AGGRESSIVE;
				GCC_WARN_UNUSED_FUNCTION = YES;
				GCC_WARN_UNUSED_VARIABLE = YES;
				IPHONEOS_DEPLOYMENT_TARGET = 13.6;
				MTL_ENABLE_DEBUG_INFO = NO;
				MTL_FAST_MATH = YES;
				SDKROOT = iphoneos;
				SWIFT_COMPILATION_MODE = wholemodule;
				SWIFT_OPTIMIZATION_LEVEL = "-O";
				VALIDATE_PRODUCT = YES;
			};
			name = Release;
		};
		D988D910250C2F42007489DC /* Debug */ = {
			isa = XCBuildConfiguration;
			buildSettings = {
				ASSETCATALOG_COMPILER_APPICON_NAME = AppIcon;
				CODE_SIGN_STYLE = Automatic;
				INFOPLIST_FILE = LoadingButton/Resource/Info.plist;
				LD_RUNPATH_SEARCH_PATHS = (
					"$(inherited)",
					"@executable_path/Frameworks",
				);
				PRODUCT_BUNDLE_IDENTIFIER = com.arvind.loadingbutton;
				PRODUCT_NAME = "$(TARGET_NAME)";
				SWIFT_VERSION = 5.0;
				TARGETED_DEVICE_FAMILY = "1,2";
			};
			name = Debug;
		};
		D988D911250C2F42007489DC /* Release */ = {
			isa = XCBuildConfiguration;
			buildSettings = {
				ASSETCATALOG_COMPILER_APPICON_NAME = AppIcon;
				CODE_SIGN_STYLE = Automatic;
				INFOPLIST_FILE = LoadingButton/Resource/Info.plist;
				LD_RUNPATH_SEARCH_PATHS = (
					"$(inherited)",
					"@executable_path/Frameworks",
				);
				PRODUCT_BUNDLE_IDENTIFIER = com.arvind.loadingbutton;
				PRODUCT_NAME = "$(TARGET_NAME)";
				SWIFT_VERSION = 5.0;
				TARGETED_DEVICE_FAMILY = "1,2";
			};
			name = Release;
		};
/* End XCBuildConfiguration section */

/* Begin XCConfigurationList section */
		D988D8F6250C2F3B007489DC /* Build configuration list for PBXProject "LoadingButton" */ = {
			isa = XCConfigurationList;
			buildConfigurations = (
				D988D90D250C2F42007489DC /* Debug */,
				D988D90E250C2F42007489DC /* Release */,
			);
			defaultConfigurationIsVisible = 0;
			defaultConfigurationName = Release;
		};
		D988D90F250C2F42007489DC /* Build configuration list for PBXNativeTarget "LoadingButton" */ = {
			isa = XCConfigurationList;
			buildConfigurations = (
				D988D910250C2F42007489DC /* Debug */,
				D988D911250C2F42007489DC /* Release */,
			);
			defaultConfigurationIsVisible = 0;
			defaultConfigurationName = Release;
		};
/* End XCConfigurationList section */
	};
	rootObject = D988D8F3250C2F3B007489DC /* Project object */;
}
